
Microsoft Visual Studio Solution File, Format Version 12.00
# Visual Studio 15
VisualStudioVersion = 15.0.27703.2000
MinimumVisualStudioVersion = 10.0.40219.1
Project("{FAE04EC0-301F-11D3-BF4B-00C04F79EFBC}") = "AssetManager", "AssetManager\AssetManager.csproj", "{92776809-22C8-4686-A593-D63665EFA00B}"
EndProject
Global
	GlobalSection(SolutionConfigurationPlatforms) = preSolution
		Debug|x86 = Debug|x86
		Release|x86 = Release|x86
	EndGlobalSection
	GlobalSection(ProjectConfigurationPlatforms) = postSolution
		{92776809-22C8-4686-A593-D63665EFA00B}.Debug|x86.ActiveCfg = Debug|x86
		{92776809-22C8-4686-A593-D63665EFA00B}.Debug|x86.Build.0 = Debug|x86
		{92776809-22C8-4686-A593-D63665EFA00B}.Release|x86.ActiveCfg = Release|x86
		{92776809-22C8-4686-A593-D63665EFA00B}.Release|x86.Build.0 = Release|x86
	EndGlobalSection
	GlobalSection(SolutionProperties) = preSolution
		HideSolutionNode = FALSE
	EndGlobalSection
	GlobalSection(ExtensibilityGlobals) = postSolution
		SolutionGuid = {38E15636-1767-497B-BD1B-10AFB0B5C1E2}
	EndGlobalSection
EndGlobal
